PODS:
  - Braintree/ApplePay (5.3.2):
    - Braintree/Core
  - Braintree/Card (5.3.2):
    - Braintree/Core
  - Braintree/Core (5.3.2)
  - Braintree/DataCollector (5.3.2):
    - Braintree/Core
  - Braintree/PaymentFlow (5.3.2):
    - Braintree/Core
    - Braintree/PayPalDataCollector
  - Braintree/PayPal (5.3.2):
    - Braintree/Core
    - Braintree/PayPalDataCollector
  - Braintree/PayPalDataCollector (5.3.2)
  - Braintree/ThreeDSecure (5.3.2):
    - Braintree/Card
    - Braintree/PaymentFlow
  - Braintree/UnionPay (5.3.2):
    - Braintree/Card
  - Braintree/Venmo (5.3.2):
    - Braintree/Core
  - BraintreeDropIn (9.0.2):
    - Braintree/ApplePay (>= 5.3.2, ~> 5.3)
    - Braintree/Card (>= 5.3.2, ~> 5.3)
    - Braintree/Core (>= 5.3.2, ~> 5.3)
    - Braintree/PayPal (>= 5.3.2, ~> 5.3)
    - Braintree/ThreeDSecure (>= 5.3.2, ~> 5.3)
    - Braintree/UnionPay (>= 5.3.2, ~> 5.3)
    - Braintree/Venmo (>= 5.3.2, ~> 5.3)
  - Flutter (1.0.0)
  - flutter_braintree (1.0.0):
    - Braintree/ApplePay (~> 5.3.2)
    - Braintree/DataCollector
    - Braintree/PayPal (~> 5.3.2)
    - Braintree/ThreeDSecure
    - BraintreeDropIn (= 9.0.2)
    - Flutter

DEPENDENCIES:
  - Flutter (from `Flutter`)
  - flutter_braintree (from `.symlinks/plugins/flutter_braintree/ios`)

SPEC REPOS:
  trunk:
    - Braintree
    - BraintreeDropIn

EXTERNAL SOURCES:
  Flutter:
    :path: Flutter
  flutter_braintree:
    :path: ".symlinks/plugins/flutter_braintree/ios"

SPEC CHECKSUMS:
  Braintree: d9314d1a97acda74b77e40be5db6aa3e655c6539
  BraintreeDropIn: 3e666d341e34efb0b5e18221eacd76db469bdab8
  Flutter: 50d75fe2f02b26cc09d224853bb45737f8b3214a
  flutter_braintree: f102bbcc32c19d23b37b4e582608a99ef9722aa4

PODFILE CHECKSUM: c41399ee0d5b54c2360d045e97192530103cb6ab

COCOAPODS: 1.11.3
